{
  "lockfileVersion": 1,
  "workspaces": {
    "": {
      "name": "docframe-types",
      "dependencies": {
        "long": "^5.2.1",
      },
    },
  },
  "packages": {
    "long": ["long@5.2.3", "", {}, "sha512-lcHwpNoggQTObv5apGNCTdJrO69eHOZMi4BNC+rTLER8iHAqGrUVeLh/irVIM7zTw2bOXA8T6uNPeujwOLg/2Q=="],
  }
}
