{
  "lockfileVersion": 1,
  "workspaces": {
    "": {
      "name": "docframe-types",
      "dependencies": {
        "@bufbuild/protobuf": "^2.7.0",
      },
    },
  },
  "packages": {
    "@bufbuild/protobuf": ["@bufbuild/protobuf@2.7.0", "", {}, "sha512-qn6tAIZEw5i/wiESBF4nQxZkl86aY4KoO0IkUa2Lh+rya64oTOdJQFlZuMwI1Qz9VBJQrQC4QlSA2DNek5gCOA=="],
  }
}
